
Microsoft Visual Studio Solution File, Format Version 12.00
# Visual Studio Version 16
VisualStudioVersion = 16.0.31410.357
MinimumVisualStudioVersion = 10.0.40219.1
Project("{8BC9CEB8-8B4A-11D0-8D11-00A0C91BC942}") = "studio9", "studio9\studio9.vcxproj", "{002E3264-92E6-426D-9A7E-26934C57A7FE}"
EndProject
Global
	GlobalSection(SolutionConfigurationPlatforms) = preSolution
		Debug|x64 = Debug|x64
		Debug|x86 = Debug|x86
		Release|x64 = Release|x64
		Release|x86 = Release|x86
	EndGlobalSection
	GlobalSection(ProjectConfigurationPlatforms) = postSolution
		{002E3264-92E6-426D-9A7E-26934C57A7FE}.Debug|x64.ActiveCfg = Debug|x64
		{002E3264-92E6-426D-9A7E-26934C57A7FE}.Debug|x64.Build.0 = Debug|x64
		{002E3264-92E6-426D-9A7E-26934C57A7FE}.Debug|x86.ActiveCfg = Debug|Win32
		{002E3264-92E6-426D-9A7E-26934C57A7FE}.Debug|x86.Build.0 = Debug|Win32
		{002E3264-92E6-426D-9A7E-26934C57A7FE}.Release|x64.ActiveCfg = Release|x64
		{002E3264-92E6-426D-9A7E-26934C57A7FE}.Release|x64.Build.0 = Release|x64
		{002E3264-92E6-426D-9A7E-26934C57A7FE}.Release|x86.ActiveCfg = Release|Win32
		{002E3264-92E6-426D-9A7E-26934C57A7FE}.Release|x86.Build.0 = Release|Win32
	EndGlobalSection
	GlobalSection(SolutionProperties) = preSolution
		HideSolutionNode = FALSE
	EndGlobalSection
	GlobalSection(ExtensibilityGlobals) = postSolution
		SolutionGuid = {406CD53F-BEB6-4946-BFDD-917BE3CC0833}
	EndGlobalSection
EndGlobal
